
Microsoft Visual Studio Solution File, Format Version 12.00
# Visual Studio Version 17
VisualStudioVersion = 17.5.33627.172
MinimumVisualStudioVersion = 10.0.40219.1
Project("{2150E333-8FDC-42A3-9474-1A3956D46DE8}") = "tests", "tests", "{AF9EAC1F-2F54-448C-A5BA-59600F68E56E}"
EndProject
Project("{2150E333-8FDC-42A3-9474-1A3956D46DE8}") = "src", "src", "{819C8BAD-B18B-47B5-8E96-4A8DBED6FDB9}"
EndProject
Project("{2150E333-8FDC-42A3-9474-1A3956D46DE8}") = "Domain", "Domain", "{3DF55926-1189-4C0B-9331-20A765E3F1A9}"
EndProject
Project("{2150E333-8FDC-42A3-9474-1A3956D46DE8}") = "Interface", "Interface", "{E5A360C6-3C6E-4D49-AF37-3089D9101872}"
EndProject
Project("{2150E333-8FDC-42A3-9474-1A3956D46DE8}") = "Application", "Application", "{E638400F-69E2-4119-ABC1-E940DF19A122}"
EndProject
Project("{2150E333-8FDC-42A3-9474-1A3956D46DE8}") = "Infrastructure", "Infrastructure", "{5EB82FC9-D969-4E2D-A762-9C9DC1113B8C}"
EndProject
Project("{9A19103F-16F7-4668-BE54-9A1E7A4F7556}") = "OnlineStore.Application", "Application\OnlineStore.Application\OnlineStore.Application.csproj", "{B87F698F-3209-4D58-9B69-7D03D27BF57B}"
EndProject
Project("{9A19103F-16F7-4668-BE54-9A1E7A4F7556}") = "OnlineStore.Domain", "Domain\OnlineStore.Domain\OnlineStore.Domain.csproj", "{7969AD42-EF6E-490E-A366-3217772B201F}"
EndProject
Project("{9A19103F-16F7-4668-BE54-9A1E7A4F7556}") = "OnlineStore.Infrastructure.Persistence.EF", "Infrastructure\OnlineStore.Infrastructure.Persistence.EF\OnlineStore.Infrastructure.Persistence.EF.csproj", "{4660F327-55D8-4B32-BF14-D32B644FCA47}"
EndProject
Project("{9A19103F-16F7-4668-BE54-9A1E7A4F7556}") = "OnlineStore.Application.Contract", "Application\OnlineStore.Application.Contract\OnlineStore.Application.Contract.csproj", "{4DF5CA18-B1F8-48A3-A4E3-E3925C847C1D}"
EndProject
Project("{9A19103F-16F7-4668-BE54-9A1E7A4F7556}") = "OnlineStore.Interface.WebApi", "Interface\OnlineStore.Interface.WebApi\OnlineStore.Interface.WebApi\OnlineStore.Interface.WebApi.csproj", "{DFEABF64-A987-49BD-9B05-89FD65327244}"
EndProject
Project("{9A19103F-16F7-4668-BE54-9A1E7A4F7556}") = "OnlineStore.Config", "Infrastructure\OnlineStore.Config\OnlineStore.Config.csproj", "{FB673A9A-444B-40B6-BEAD-41C55C7E5008}"
EndProject
Project("{2150E333-8FDC-42A3-9474-1A3956D46DE8}") = "Utils", "Utils", "{913497EA-B80B-4FD3-BE97-A9FE3EE0B441}"
EndProject
Project("{9A19103F-16F7-4668-BE54-9A1E7A4F7556}") = "OnlineStore.Domain.Tests.Utils", "tests\OnlineStore.Domain.Tests.Utils\OnlineStore.Domain.Tests.Utils.csproj", "{60FBEC81-C864-4447-8A4F-858A393ABC96}"
EndProject
Project("{FAE04EC0-301F-11D3-BF4B-00C04F79EFBC}") = "OnlineStore.Domain.Tests.Unit", "tests\OnlineStore.Domain.Tests.Unit\OnlineStore.Domain.Tests.Unit\OnlineStore.Domain.Tests.Unit.csproj", "{B656224B-E31A-402D-8AE1-A5A4D33026FE}"
EndProject
Project("{2150E333-8FDC-42A3-9474-1A3956D46DE8}") = "Framework", "Framework", "{76EB4B20-BF45-4B7B-B83D-5A1BAEEDFEE2}"
EndProject
Project("{2150E333-8FDC-42A3-9474-1A3956D46DE8}") = "Cache", "Cache", "{E5E7EA8D-13AC-4EC2-A807-0AB2401DBF96}"
EndProject
Project("{FAE04EC0-301F-11D3-BF4B-00C04F79EFBC}") = "Framework.Cache", "Framework\Cache\Framework.Cache\Framework.Cache.csproj", "{0F6A0ACA-2D1F-4BE4-A45B-6C281DD60F02}"
EndProject
Global
	GlobalSection(SolutionConfigurationPlatforms) = preSolution
		Debug|Any CPU = Debug|Any CPU
		Release|Any CPU = Release|Any CPU
	EndGlobalSection
	GlobalSection(ProjectConfigurationPlatforms) = postSolution
		{B87F698F-3209-4D58-9B69-7D03D27BF57B}.Debug|Any CPU.ActiveCfg = Debug|Any CPU
		{B87F698F-3209-4D58-9B69-7D03D27BF57B}.Debug|Any CPU.Build.0 = Debug|Any CPU
		{B87F698F-3209-4D58-9B69-7D03D27BF57B}.Release|Any CPU.ActiveCfg = Release|Any CPU
		{B87F698F-3209-4D58-9B69-7D03D27BF57B}.Release|Any CPU.Build.0 = Release|Any CPU
		{7969AD42-EF6E-490E-A366-3217772B201F}.Debug|Any CPU.ActiveCfg = Debug|Any CPU
		{7969AD42-EF6E-490E-A366-3217772B201F}.Debug|Any CPU.Build.0 = Debug|Any CPU
		{7969AD42-EF6E-490E-A366-3217772B201F}.Release|Any CPU.ActiveCfg = Release|Any CPU
		{7969AD42-EF6E-490E-A366-3217772B201F}.Release|Any CPU.Build.0 = Release|Any CPU
		{4660F327-55D8-4B32-BF14-D32B644FCA47}.Debug|Any CPU.ActiveCfg = Debug|Any CPU
		{4660F327-55D8-4B32-BF14-D32B644FCA47}.Debug|Any CPU.Build.0 = Debug|Any CPU
		{4660F327-55D8-4B32-BF14-D32B644FCA47}.Release|Any CPU.ActiveCfg = Release|Any CPU
		{4660F327-55D8-4B32-BF14-D32B644FCA47}.Release|Any CPU.Build.0 = Release|Any CPU
		{4DF5CA18-B1F8-48A3-A4E3-E3925C847C1D}.Debug|Any CPU.ActiveCfg = Debug|Any CPU
		{4DF5CA18-B1F8-48A3-A4E3-E3925C847C1D}.Debug|Any CPU.Build.0 = Debug|Any CPU
		{4DF5CA18-B1F8-48A3-A4E3-E3925C847C1D}.Release|Any CPU.ActiveCfg = Release|Any CPU
		{4DF5CA18-B1F8-48A3-A4E3-E3925C847C1D}.Release|Any CPU.Build.0 = Release|Any CPU
		{DFEABF64-A987-49BD-9B05-89FD65327244}.Debug|Any CPU.ActiveCfg = Debug|Any CPU
		{DFEABF64-A987-49BD-9B05-89FD65327244}.Debug|Any CPU.Build.0 = Debug|Any CPU
		{DFEABF64-A987-49BD-9B05-89FD65327244}.Release|Any CPU.ActiveCfg = Release|Any CPU
		{DFEABF64-A987-49BD-9B05-89FD65327244}.Release|Any CPU.Build.0 = Release|Any CPU
		{FB673A9A-444B-40B6-BEAD-41C55C7E5008}.Debug|Any CPU.ActiveCfg = Debug|Any CPU
		{FB673A9A-444B-40B6-BEAD-41C55C7E5008}.Debug|Any CPU.Build.0 = Debug|Any CPU
		{FB673A9A-444B-40B6-BEAD-41C55C7E5008}.Release|Any CPU.ActiveCfg = Release|Any CPU
		{FB673A9A-444B-40B6-BEAD-41C55C7E5008}.Release|Any CPU.Build.0 = Release|Any CPU
		{60FBEC81-C864-4447-8A4F-858A393ABC96}.Debug|Any CPU.ActiveCfg = Debug|Any CPU
		{60FBEC81-C864-4447-8A4F-858A393ABC96}.Debug|Any CPU.Build.0 = Debug|Any CPU
		{60FBEC81-C864-4447-8A4F-858A393ABC96}.Release|Any CPU.ActiveCfg = Release|Any CPU
		{60FBEC81-C864-4447-8A4F-858A393ABC96}.Release|Any CPU.Build.0 = Release|Any CPU
		{B656224B-E31A-402D-8AE1-A5A4D33026FE}.Debug|Any CPU.ActiveCfg = Debug|Any CPU
		{B656224B-E31A-402D-8AE1-A5A4D33026FE}.Debug|Any CPU.Build.0 = Debug|Any CPU
		{B656224B-E31A-402D-8AE1-A5A4D33026FE}.Release|Any CPU.ActiveCfg = Release|Any CPU
		{B656224B-E31A-402D-8AE1-A5A4D33026FE}.Release|Any CPU.Build.0 = Release|Any CPU
		{0F6A0ACA-2D1F-4BE4-A45B-6C281DD60F02}.Debug|Any CPU.ActiveCfg = Debug|Any CPU
		{0F6A0ACA-2D1F-4BE4-A45B-6C281DD60F02}.Debug|Any CPU.Build.0 = Debug|Any CPU
		{0F6A0ACA-2D1F-4BE4-A45B-6C281DD60F02}.Release|Any CPU.ActiveCfg = Release|Any CPU
		{0F6A0ACA-2D1F-4BE4-A45B-6C281DD60F02}.Release|Any CPU.Build.0 = Release|Any CPU
	EndGlobalSection
	GlobalSection(SolutionProperties) = preSolution
		HideSolutionNode = FALSE
	EndGlobalSection
	GlobalSection(NestedProjects) = preSolution
		{3DF55926-1189-4C0B-9331-20A765E3F1A9} = {819C8BAD-B18B-47B5-8E96-4A8DBED6FDB9}
		{E5A360C6-3C6E-4D49-AF37-3089D9101872} = {819C8BAD-B18B-47B5-8E96-4A8DBED6FDB9}
		{E638400F-69E2-4119-ABC1-E940DF19A122} = {819C8BAD-B18B-47B5-8E96-4A8DBED6FDB9}
		{5EB82FC9-D969-4E2D-A762-9C9DC1113B8C} = {819C8BAD-B18B-47B5-8E96-4A8DBED6FDB9}
		{B87F698F-3209-4D58-9B69-7D03D27BF57B} = {E638400F-69E2-4119-ABC1-E940DF19A122}
		{7969AD42-EF6E-490E-A366-3217772B201F} = {3DF55926-1189-4C0B-9331-20A765E3F1A9}
		{4660F327-55D8-4B32-BF14-D32B644FCA47} = {5EB82FC9-D969-4E2D-A762-9C9DC1113B8C}
		{4DF5CA18-B1F8-48A3-A4E3-E3925C847C1D} = {E638400F-69E2-4119-ABC1-E940DF19A122}
		{DFEABF64-A987-49BD-9B05-89FD65327244} = {E5A360C6-3C6E-4D49-AF37-3089D9101872}
		{FB673A9A-444B-40B6-BEAD-41C55C7E5008} = {5EB82FC9-D969-4E2D-A762-9C9DC1113B8C}
		{913497EA-B80B-4FD3-BE97-A9FE3EE0B441} = {AF9EAC1F-2F54-448C-A5BA-59600F68E56E}
		{60FBEC81-C864-4447-8A4F-858A393ABC96} = {913497EA-B80B-4FD3-BE97-A9FE3EE0B441}
		{B656224B-E31A-402D-8AE1-A5A4D33026FE} = {913497EA-B80B-4FD3-BE97-A9FE3EE0B441}
		{E5E7EA8D-13AC-4EC2-A807-0AB2401DBF96} = {76EB4B20-BF45-4B7B-B83D-5A1BAEEDFEE2}
		{0F6A0ACA-2D1F-4BE4-A45B-6C281DD60F02} = {E5E7EA8D-13AC-4EC2-A807-0AB2401DBF96}
	EndGlobalSection
	GlobalSection(ExtensibilityGlobals) = postSolution
		SolutionGuid = {EF0D8CF6-01CC-4BE6-81D5-D548F4CD064E}
	EndGlobalSection
EndGlobal
